{
  "version": 4,
  "terraform_version": "1.12.2",
  "serial": 235,
  "lineage": "6c68d51b-757d-3336-0778-28cfe7765da1",
  "outputs": {
    "frontdoor_url": {
      "value": "https://helloworldstacticapp-endpoint-g4hbepfyegduawhs.z02.azurefd.net",
      "type": "string"
    },
    "storage_web_url": {
      "value": "https://helloworldstacticappprim.z13.web.core.windows.net/",
      "type": "string"
    }
  },
  "resources": [
    {
      "mode": "managed",
      "type": "azurerm_cdn_frontdoor_custom_domain",
      "name": "custom_domain",
      "provider": "provider[\"registry.terraform.io/hashicorp/azurerm\"]",
      "instances": [
        {
          "index_key": 0,
          "schema_version": 0,
          "attributes": {
            "cdn_frontdoor_profile_id": "/subscriptions/054cbff5-8449-4b2c-b938-44031a3c698c/resourceGroups/static-frontdoor-rg/providers/Microsoft.Cdn/profiles/helloworldstacticapp-fd",
            "dns_zone_id": "",
            "expiration_date": "2025-08-05T14:46:07.2415023+00:00",
            "host_name": "helloworldstaticapp.automationfoundry.cloud",
            "id": "/subscriptions/054cbff5-8449-4b2c-b938-44031a3c698c/resourceGroups/static-frontdoor-rg/providers/Microsoft.Cdn/profiles/helloworldstacticapp-fd/customDomains/helloworld-custom",
            "name": "helloworld-custom",
            "timeouts": null,
            "tls": [
              {
                "cdn_frontdoor_secret_id": "",
                "certificate_type": "ManagedCertificate",
                "minimum_tls_version": "TLS12"
              }
            ],
            "validation_token": "_ozafzu04bdzg6xdxhr424dmfxhpv8or"
          },
          "sensitive_attributes": [],
          "identity_schema_version": 0,
          "private": "eyJlMmJmYjczMC1lY2FhLTExZTYtOGY4OC0zNDM2M2JjN2M0YzAiOnsiY3JlYXRlIjo0MzIwMDAwMDAwMDAwMCwiZGVsZXRlIjo0MzIwMDAwMDAwMDAwMCwicmVhZCI6MzAwMDAwMDAwMDAwLCJ1cGRhdGUiOjg2NDAwMDAwMDAwMDAwfX0=",
          "dependencies": [
            "azurerm_cdn_frontdoor_profile.fd_profile",
            "azurerm_resource_group.rg"
          ]
        }
      ]
    },
    {
      "mode": "managed",
      "type": "azurerm_cdn_frontdoor_endpoint",
      "name": "fd_endpoint",
      "provider": "provider[\"registry.terraform.io/hashicorp/azurerm\"]",
      "instances": [
        {
          "schema_version": 0,
          "attributes": {
            "cdn_frontdoor_profile_id": "/subscriptions/054cbff5-8449-4b2c-b938-44031a3c698c/resourceGroups/static-frontdoor-rg/providers/Microsoft.Cdn/profiles/helloworldstacticapp-fd",
            "enabled": true,
            "host_name": "helloworldstacticapp-endpoint-g4hbepfyegduawhs.z02.azurefd.net",
            "id": "/subscriptions/054cbff5-8449-4b2c-b938-44031a3c698c/resourceGroups/static-frontdoor-rg/providers/Microsoft.Cdn/profiles/helloworldstacticapp-fd/afdEndpoints/helloworldstacticapp-endpoint",
            "name": "helloworldstacticapp-endpoint",
            "tags": null,
            "timeouts": null
          },
          "sensitive_attributes": [],
          "identity_schema_version": 0,
          "private": "eyJlMmJmYjczMC1lY2FhLTExZTYtOGY4OC0zNDM2M2JjN2M0YzAiOnsiY3JlYXRlIjoxODAwMDAwMDAwMDAwLCJkZWxldGUiOjE4MDAwMDAwMDAwMDAsInJlYWQiOjMwMDAwMDAwMDAwMCwidXBkYXRlIjoxODAwMDAwMDAwMDAwfX0=",
          "dependencies": [
            "azurerm_cdn_frontdoor_profile.fd_profile",
            "azurerm_resource_group.rg"
          ]
        }
      ]
    },
    {
      "mode": "managed",
      "type": "azurerm_cdn_frontdoor_origin",
      "name": "primary_origin",
      "provider": "provider[\"registry.terraform.io/hashicorp/azurerm\"]",
      "instances": [
        {
          "schema_version": 0,
          "attributes": {
            "cdn_frontdoor_origin_group_id": "/subscriptions/054cbff5-8449-4b2c-b938-44031a3c698c/resourceGroups/static-frontdoor-rg/providers/Microsoft.Cdn/profiles/helloworldstacticapp-fd/originGroups/origin-group",
            "certificate_name_check_enabled": false,
            "enabled": true,
            "host_name": "helloworldstacticappprim.z13.web.core.windows.net",
            "http_port": 80,
            "https_port": 443,
            "id": "/subscriptions/054cbff5-8449-4b2c-b938-44031a3c698c/resourceGroups/static-frontdoor-rg/providers/Microsoft.Cdn/profiles/helloworldstacticapp-fd/originGroups/origin-group/origins/primary-origin",
            "name": "primary-origin",
            "origin_host_header": "helloworldstacticappprim.z13.web.core.windows.net",
            "priority": 1,
            "private_link": [],
            "timeouts": null,
            "weight": 1000
          },
          "sensitive_attributes": [],
          "identity_schema_version": 0,
          "private": "eyJlMmJmYjczMC1lY2FhLTExZTYtOGY4OC0zNDM2M2JjN2M0YzAiOnsiY3JlYXRlIjoxODAwMDAwMDAwMDAwLCJkZWxldGUiOjE4MDAwMDAwMDAwMDAsInJlYWQiOjMwMDAwMDAwMDAwMCwidXBkYXRlIjoxODAwMDAwMDAwMDAwfX0=",
          "dependencies": [
            "azurerm_cdn_frontdoor_origin_group.origin_group",
            "azurerm_cdn_frontdoor_profile.fd_profile",
            "azurerm_resource_group.rg",
            "azurerm_storage_account.primary"
          ]
        }
      ]
    },
    {
      "mode": "managed",
      "type": "azurerm_cdn_frontdoor_origin_group",
      "name": "origin_group",
      "provider": "provider[\"registry.terraform.io/hashicorp/azurerm\"]",
      "instances": [
        {
          "schema_version": 0,
          "attributes": {
            "cdn_frontdoor_profile_id": "/subscriptions/054cbff5-8449-4b2c-b938-44031a3c698c/resourceGroups/static-frontdoor-rg/providers/Microsoft.Cdn/profiles/helloworldstacticapp-fd",
            "health_probe": [
              {
                "interval_in_seconds": 120,
                "path": "/index.html",
                "protocol": "Https",
                "request_type": "GET"
              }
            ],
            "id": "/subscriptions/054cbff5-8449-4b2c-b938-44031a3c698c/resourceGroups/static-frontdoor-rg/providers/Microsoft.Cdn/profiles/helloworldstacticapp-fd/originGroups/origin-group",
            "load_balancing": [
              {
                "additional_latency_in_milliseconds": 0,
                "sample_size": 4,
                "successful_samples_required": 3
              }
            ],
            "name": "origin-group",
            "restore_traffic_time_to_healed_or_new_endpoint_in_minutes": 10,
            "session_affinity_enabled": true,
            "timeouts": null
          },
          "sensitive_attributes": [],
          "identity_schema_version": 0,
          "private": "eyJlMmJmYjczMC1lY2FhLTExZTYtOGY4OC0zNDM2M2JjN2M0YzAiOnsiY3JlYXRlIjoxODAwMDAwMDAwMDAwLCJkZWxldGUiOjE4MDAwMDAwMDAwMDAsInJlYWQiOjMwMDAwMDAwMDAwMCwidXBkYXRlIjoxODAwMDAwMDAwMDAwfX0=",
          "dependencies": [
            "azurerm_cdn_frontdoor_profile.fd_profile",
            "azurerm_resource_group.rg"
          ]
        }
      ]
    },
    {
      "mode": "managed",
      "type": "azurerm_cdn_frontdoor_profile",
      "name": "fd_profile",
      "provider": "provider[\"registry.terraform.io/hashicorp/azurerm\"]",
      "instances": [
        {
          "schema_version": 0,
          "attributes": {
            "id": "/subscriptions/054cbff5-8449-4b2c-b938-44031a3c698c/resourceGroups/static-frontdoor-rg/providers/Microsoft.Cdn/profiles/helloworldstacticapp-fd",
            "identity": [],
            "name": "helloworldstacticapp-fd",
            "resource_group_name": "static-frontdoor-rg",
            "resource_guid": "d2ee1a1d-2d3a-4a37-81ca-a45771c4955d",
            "response_timeout_seconds": 120,
            "sku_name": "Standard_AzureFrontDoor",
            "tags": null,
            "timeouts": null
          },
          "sensitive_attributes": [],
          "identity_schema_version": 0,
          "private": "eyJlMmJmYjczMC1lY2FhLTExZTYtOGY4OC0zNDM2M2JjN2M0YzAiOnsiY3JlYXRlIjoxODAwMDAwMDAwMDAwLCJkZWxldGUiOjE4MDAwMDAwMDAwMDAsInJlYWQiOjMwMDAwMDAwMDAwMCwidXBkYXRlIjoxODAwMDAwMDAwMDAwfX0=",
          "dependencies": [
            "azurerm_resource_group.rg"
          ]
        }
      ]
    },
    {
      "mode": "managed",
      "type": "azurerm_cdn_frontdoor_route",
      "name": "route",
      "provider": "provider[\"registry.terraform.io/hashicorp/azurerm\"]",
      "instances": [
        {
          "schema_version": 0,
          "attributes": {
            "cache": [],
            "cdn_frontdoor_custom_domain_ids": [
              "/subscriptions/054cbff5-8449-4b2c-b938-44031a3c698c/resourceGroups/static-frontdoor-rg/providers/Microsoft.Cdn/profiles/helloworldstacticapp-fd/customDomains/helloworld-custom"
            ],
            "cdn_frontdoor_endpoint_id": "/subscriptions/054cbff5-8449-4b2c-b938-44031a3c698c/resourceGroups/static-frontdoor-rg/providers/Microsoft.Cdn/profiles/helloworldstacticapp-fd/afdEndpoints/helloworldstacticapp-endpoint",
            "cdn_frontdoor_origin_group_id": "/subscriptions/054cbff5-8449-4b2c-b938-44031a3c698c/resourceGroups/static-frontdoor-rg/providers/Microsoft.Cdn/profiles/helloworldstacticapp-fd/originGroups/origin-group",
            "cdn_frontdoor_origin_ids": [
              "/subscriptions/054cbff5-8449-4b2c-b938-44031a3c698c/resourceGroups/static-frontdoor-rg/providers/Microsoft.Cdn/profiles/helloworldstacticapp-fd/originGroups/origin-group/origins/primary-origin"
            ],
            "cdn_frontdoor_origin_path": "",
            "cdn_frontdoor_rule_set_ids": null,
            "enabled": true,
            "forwarding_protocol": "MatchRequest",
            "https_redirect_enabled": true,
            "id": "/subscriptions/054cbff5-8449-4b2c-b938-44031a3c698c/resourceGroups/static-frontdoor-rg/providers/Microsoft.Cdn/profiles/helloworldstacticapp-fd/afdEndpoints/helloworldstacticapp-endpoint/routes/web-route",
            "link_to_default_domain": true,
            "name": "web-route",
            "patterns_to_match": [
              "/*"
            ],
            "supported_protocols": [
              "Http",
              "Https"
            ],
            "timeouts": null
          },
          "sensitive_attributes": [],
          "identity_schema_version": 0,
          "private": "eyJlMmJmYjczMC1lY2FhLTExZTYtOGY4OC0zNDM2M2JjN2M0YzAiOnsiY3JlYXRlIjoxODAwMDAwMDAwMDAwLCJkZWxldGUiOjE4MDAwMDAwMDAwMDAsInJlYWQiOjMwMDAwMDAwMDAwMCwidXBkYXRlIjoxODAwMDAwMDAwMDAwfX0=",
          "dependencies": [
            "azurerm_cdn_frontdoor_custom_domain.custom_domain",
            "azurerm_cdn_frontdoor_endpoint.fd_endpoint",
            "azurerm_cdn_frontdoor_origin.primary_origin",
            "azurerm_cdn_frontdoor_origin_group.origin_group",
            "azurerm_cdn_frontdoor_profile.fd_profile",
            "azurerm_resource_group.rg",
            "azurerm_storage_account.primary"
          ]
        }
      ]
    },
    {
      "mode": "managed",
      "type": "azurerm_cdn_frontdoor_rule",
      "name": "redirect_root_to_index",
      "provider": "provider[\"registry.terraform.io/hashicorp/azurerm\"]",
      "instances": [
        {
          "schema_version": 0,
          "attributes": {
            "actions": [
              {
                "request_header_action": [],
                "response_header_action": [],
                "route_configuration_override_action": [],
                "url_redirect_action": [
                  {
                    "destination_fragment": "",
                    "destination_hostname": "helloworldstacticappprim.z13.web.core.windows.net",
                    "destination_path": "/index.html",
                    "query_string": "",
                    "redirect_protocol": "MatchRequest",
                    "redirect_type": "Found"
                  }
                ],
                "url_rewrite_action": []
              }
            ],
            "behavior_on_match": "Continue",
            "cdn_frontdoor_rule_set_id": "/subscriptions/054cbff5-8449-4b2c-b938-44031a3c698c/resourceGroups/static-frontdoor-rg/providers/Microsoft.Cdn/profiles/helloworldstacticapp-fd/ruleSets/redirectroot",
            "cdn_frontdoor_rule_set_name": "redirectroot",
            "conditions": [
              {
                "client_port_condition": [],
                "cookies_condition": [],
                "host_name_condition": [],
                "http_version_condition": [],
                "is_device_condition": [],
                "post_args_condition": [],
                "query_string_condition": [],
                "remote_address_condition": [],
                "request_body_condition": [],
                "request_header_condition": [],
                "request_method_condition": [],
                "request_scheme_condition": [],
                "request_uri_condition": [
                  {
                    "match_values": [
                      "/"
                    ],
                    "negate_condition": false,
                    "operator": "Equal",
                    "transforms": null
                  }
                ],
                "server_port_condition": [],
                "socket_address_condition": [],
                "ssl_protocol_condition": [],
                "url_file_extension_condition": [],
                "url_filename_condition": [],
                "url_path_condition": []
              }
            ],
            "id": "/subscriptions/054cbff5-8449-4b2c-b938-44031a3c698c/resourceGroups/static-frontdoor-rg/providers/Microsoft.Cdn/profiles/helloworldstacticapp-fd/ruleSets/redirectroot/rules/redirectroot",
            "name": "redirectroot",
            "order": 1,
            "timeouts": null
          },
          "sensitive_attributes": [],
          "identity_schema_version": 0,
          "private": "eyJlMmJmYjczMC1lY2FhLTExZTYtOGY4OC0zNDM2M2JjN2M0YzAiOnsiY3JlYXRlIjoxODAwMDAwMDAwMDAwLCJkZWxldGUiOjE4MDAwMDAwMDAwMDAsInJlYWQiOjMwMDAwMDAwMDAwMCwidXBkYXRlIjoxODAwMDAwMDAwMDAwfX0=",
          "dependencies": [
            "azurerm_cdn_frontdoor_profile.fd_profile",
            "azurerm_cdn_frontdoor_rule_set.redirect_rules",
            "azurerm_resource_group.rg",
            "azurerm_storage_account.primary"
          ]
        }
      ]
    },
    {
      "mode": "managed",
      "type": "azurerm_cdn_frontdoor_rule_set",
      "name": "redirect_rules",
      "provider": "provider[\"registry.terraform.io/hashicorp/azurerm\"]",
      "instances": [
        {
          "schema_version": 0,
          "attributes": {
            "cdn_frontdoor_profile_id": "/subscriptions/054cbff5-8449-4b2c-b938-44031a3c698c/resourceGroups/static-frontdoor-rg/providers/Microsoft.Cdn/profiles/helloworldstacticapp-fd",
            "id": "/subscriptions/054cbff5-8449-4b2c-b938-44031a3c698c/resourceGroups/static-frontdoor-rg/providers/Microsoft.Cdn/profiles/helloworldstacticapp-fd/ruleSets/redirectroot",
            "name": "redirectroot",
            "timeouts": null
          },
          "sensitive_attributes": [],
          "identity_schema_version": 0,
          "private": "eyJlMmJmYjczMC1lY2FhLTExZTYtOGY4OC0zNDM2M2JjN2M0YzAiOnsiY3JlYXRlIjoxODAwMDAwMDAwMDAwLCJkZWxldGUiOjE4MDAwMDAwMDAwMDAsInJlYWQiOjMwMDAwMDAwMDAwMH19",
          "dependencies": [
            "azurerm_cdn_frontdoor_profile.fd_profile",
            "azurerm_resource_group.rg"
          ]
        }
      ]
    },
    {
      "mode": "managed",
      "type": "azurerm_log_analytics_workspace",
      "name": "log_analytics",
      "provider": "provider[\"registry.terraform.io/hashicorp/azurerm\"]",
      "instances": [
        {
          "schema_version": 3,
          "attributes": {
            "allow_resource_only_permissions": true,
            "cmk_for_query_forced": false,
            "daily_quota_gb": -1,
            "data_collection_rule_id": "",
            "id": "/subscriptions/054cbff5-8449-4b2c-b938-44031a3c698c/resourceGroups/static-frontdoor-rg/providers/Microsoft.OperationalInsights/workspaces/helloworldstacticapp-law",
            "identity": [],
            "immediate_data_purge_on_30_days_enabled": false,
            "internet_ingestion_enabled": true,
            "internet_query_enabled": true,
            "local_authentication_disabled": true,
            "local_authentication_enabled": false,
            "location": "eastus",
            "name": "helloworldstacticapp-law",
            "primary_shared_key": "6mbSAOmKmoqABaB2MjAq2ACxp5iLljpu4UPQ1fUul1ljWebLp9NAdRxpgGg934z0cH2ZFTWyEv5UC/6yKgTolA==",
            "reservation_capacity_in_gb_per_day": null,
            "resource_group_name": "static-frontdoor-rg",
            "retention_in_days": 30,
            "secondary_shared_key": "vGfbaY//6F7mX288YmrfycMhZl0EpJsF1NgA5WiSHVabl11QhEi1r1vd+4qACQaoYVV2mSu5Of45mMWf4fArhg==",
            "sku": "PerGB2018",
            "tags": null,
            "timeouts": null,
            "workspace_id": "30bd34fd-6ed3-4436-b38a-f363630f9396"
          },
          "sensitive_attributes": [
            [
              {
                "type": "get_attr",
                "value": "primary_shared_key"
              }
            ],
            [
              {
                "type": "get_attr",
                "value": "secondary_shared_key"
              }
            ]
          ],
          "identity_schema_version": 0,
          "private": "eyJlMmJmYjczMC1lY2FhLTExZTYtOGY4OC0zNDM2M2JjN2M0YzAiOnsiY3JlYXRlIjoxODAwMDAwMDAwMDAwLCJkZWxldGUiOjE4MDAwMDAwMDAwMDAsInJlYWQiOjMwMDAwMDAwMDAwMCwidXBkYXRlIjoxODAwMDAwMDAwMDAwfSwic2NoZW1hX3ZlcnNpb24iOiIzIn0=",
          "dependencies": [
            "azurerm_resource_group.rg"
          ]
        }
      ]
    },
    {
      "mode": "managed",
      "type": "azurerm_monitor_diagnostic_setting",
      "name": "fd_diagnostics",
      "provider": "provider[\"registry.terraform.io/hashicorp/azurerm\"]",
      "instances": [
        {
          "schema_version": 0,
          "attributes": {
            "enabled_log": [
              {
                "category": "FrontDoorAccessLog",
                "category_group": "",
                "retention_policy": []
              },
              {
                "category": "FrontDoorWebApplicationFirewallLog",
                "category_group": "",
                "retention_policy": []
              }
            ],
            "enabled_metric": [
              {
                "category": "AllMetrics"
              }
            ],
            "eventhub_authorization_rule_id": "",
            "eventhub_name": "",
            "id": "/subscriptions/054cbff5-8449-4b2c-b938-44031a3c698c/resourceGroups/static-frontdoor-rg/providers/Microsoft.Cdn/profiles/helloworldstacticapp-fd|helloworldstacticapp-fd-diag",
            "log_analytics_destination_type": "",
            "log_analytics_workspace_id": "/subscriptions/054cbff5-8449-4b2c-b938-44031a3c698c/resourceGroups/static-frontdoor-rg/providers/Microsoft.OperationalInsights/workspaces/helloworldstacticapp-law",
            "metric": [
              {
                "category": "AllMetrics",
                "enabled": true,
                "retention_policy": [
                  {
                    "days": 0,
                    "enabled": false
                  }
                ]
              }
            ],
            "name": "helloworldstacticapp-fd-diag",
            "partner_solution_id": null,
            "storage_account_id": null,
            "target_resource_id": "/subscriptions/054cbff5-8449-4b2c-b938-44031a3c698c/resourceGroups/static-frontdoor-rg/providers/Microsoft.Cdn/profiles/helloworldstacticapp-fd",
            "timeouts": null
          },
          "sensitive_attributes": [],
          "identity_schema_version": 0,
          "private": "eyJlMmJmYjczMC1lY2FhLTExZTYtOGY4OC0zNDM2M2JjN2M0YzAiOnsiY3JlYXRlIjoxODAwMDAwMDAwMDAwLCJkZWxldGUiOjM2MDAwMDAwMDAwMDAsInJlYWQiOjMwMDAwMDAwMDAwMCwidXBkYXRlIjoxODAwMDAwMDAwMDAwfX0=",
          "dependencies": [
            "azurerm_cdn_frontdoor_profile.fd_profile",
            "azurerm_log_analytics_workspace.log_analytics",
            "azurerm_resource_group.rg"
          ]
        }
      ]
    },
    {
      "mode": "managed",
      "type": "azurerm_resource_group",
      "name": "rg",
      "provider": "provider[\"registry.terraform.io/hashicorp/azurerm\"]",
      "instances": [
        {
          "schema_version": 0,
          "attributes": {
            "id": "/subscriptions/054cbff5-8449-4b2c-b938-44031a3c698c/resourceGroups/static-frontdoor-rg",
            "location": "eastus",
            "managed_by": "",
            "name": "static-frontdoor-rg",
            "tags": null,
            "timeouts": null
          },
          "sensitive_attributes": [],
          "identity_schema_version": 0,
          "private": "eyJlMmJmYjczMC1lY2FhLTExZTYtOGY4OC0zNDM2M2JjN2M0YzAiOnsiY3JlYXRlIjo1NDAwMDAwMDAwMDAwLCJkZWxldGUiOjU0MDAwMDAwMDAwMDAsInJlYWQiOjMwMDAwMDAwMDAwMCwidXBkYXRlIjo1NDAwMDAwMDAwMDAwfX0="
        }
      ]
    },
    {
      "mode": "managed",
      "type": "azurerm_storage_account",
      "name": "primary",
      "provider": "provider[\"registry.terraform.io/hashicorp/azurerm\"]",
      "instances": [
        {
          "schema_version": 4,
          "attributes": {
            "access_tier": "Hot",
            "account_kind": "StorageV2",
            "account_replication_type": "RAGRS",
            "account_tier": "Standard",
            "allow_nested_items_to_be_public": true,
            "allowed_copy_scope": "",
            "azure_files_authentication": [],
            "blob_properties": [
              {
                "change_feed_enabled": false,
                "change_feed_retention_in_days": 0,
                "container_delete_retention_policy": [],
                "cors_rule": [],
                "default_service_version": "",
                "delete_retention_policy": [],
                "last_access_time_enabled": false,
                "restore_policy": [],
                "versioning_enabled": false
              }
            ],
            "cross_tenant_replication_enabled": false,
            "custom_domain": [],
            "customer_managed_key": [],
            "default_to_oauth_authentication": false,
            "dns_endpoint_type": "Standard",
            "edge_zone": "",
            "https_traffic_only_enabled": true,
            "id": "/subscriptions/054cbff5-8449-4b2c-b938-44031a3c698c/resourceGroups/static-frontdoor-rg/providers/Microsoft.Storage/storageAccounts/helloworldstacticappprim",
            "identity": [],
            "immutability_policy": [],
            "infrastructure_encryption_enabled": false,
            "is_hns_enabled": false,
            "large_file_share_enabled": false,
            "local_user_enabled": true,
            "location": "eastus",
            "min_tls_version": "TLS1_2",
            "name": "helloworldstacticappprim",
            "network_rules": [],
            "nfsv3_enabled": false,
            "primary_access_key": "G2i+HsQejuJY90iFwfOIy1v/pZMSE8PbyIvcXeX+I6liis8UyAnDvaQ8u0MHHXndmqczrUCJIKT8+AStSJjNfg==",
            "primary_blob_connection_string": "DefaultEndpointsProtocol=https;BlobEndpoint=https://helloworldstacticappprim.blob.core.windows.net/;AccountName=helloworldstacticappprim;AccountKey=G2i+HsQejuJY90iFwfOIy1v/pZMSE8PbyIvcXeX+I6liis8UyAnDvaQ8u0MHHXndmqczrUCJIKT8+AStSJjNfg==",
            "primary_blob_endpoint": "https://helloworldstacticappprim.blob.core.windows.net/",
            "primary_blob_host": "helloworldstacticappprim.blob.core.windows.net",
            "primary_blob_internet_endpoint": "",
            "primary_blob_internet_host": "",
            "primary_blob_microsoft_endpoint": "",
            "primary_blob_microsoft_host": "",
            "primary_connection_string": "DefaultEndpointsProtocol=https;AccountName=helloworldstacticappprim;AccountKey=G2i+HsQejuJY90iFwfOIy1v/pZMSE8PbyIvcXeX+I6liis8UyAnDvaQ8u0MHHXndmqczrUCJIKT8+AStSJjNfg==;EndpointSuffix=core.windows.net",
            "primary_dfs_endpoint": "https://helloworldstacticappprim.dfs.core.windows.net/",
            "primary_dfs_host": "helloworldstacticappprim.dfs.core.windows.net",
            "primary_dfs_internet_endpoint": "",
            "primary_dfs_internet_host": "",
            "primary_dfs_microsoft_endpoint": "",
            "primary_dfs_microsoft_host": "",
            "primary_file_endpoint": "https://helloworldstacticappprim.file.core.windows.net/",
            "primary_file_host": "helloworldstacticappprim.file.core.windows.net",
            "primary_file_internet_endpoint": "",
            "primary_file_internet_host": "",
            "primary_file_microsoft_endpoint": "",
            "primary_file_microsoft_host": "",
            "primary_location": "eastus",
            "primary_queue_endpoint": "https://helloworldstacticappprim.queue.core.windows.net/",
            "primary_queue_host": "helloworldstacticappprim.queue.core.windows.net",
            "primary_queue_microsoft_endpoint": "",
            "primary_queue_microsoft_host": "",
            "primary_table_endpoint": "https://helloworldstacticappprim.table.core.windows.net/",
            "primary_table_host": "helloworldstacticappprim.table.core.windows.net",
            "primary_table_microsoft_endpoint": "",
            "primary_table_microsoft_host": "",
            "primary_web_endpoint": "https://helloworldstacticappprim.z13.web.core.windows.net/",
            "primary_web_host": "helloworldstacticappprim.z13.web.core.windows.net",
            "primary_web_internet_endpoint": "",
            "primary_web_internet_host": "",
            "primary_web_microsoft_endpoint": "",
            "primary_web_microsoft_host": "",
            "provisioned_billing_model_version": "",
            "public_network_access_enabled": true,
            "queue_encryption_key_type": "Service",
            "queue_properties": [
              {
                "cors_rule": [],
                "hour_metrics": [
                  {
                    "enabled": false,
                    "include_apis": false,
                    "retention_policy_days": 0,
                    "version": "1.0"
                  }
                ],
                "logging": [
                  {
                    "delete": false,
                    "read": false,
                    "retention_policy_days": 0,
                    "version": "1.0",
                    "write": false
                  }
                ],
                "minute_metrics": [
                  {
                    "enabled": false,
                    "include_apis": false,
                    "retention_policy_days": 0,
                    "version": "1.0"
                  }
                ]
              }
            ],
            "resource_group_name": "static-frontdoor-rg",
            "routing": [],
            "sas_policy": [],
            "secondary_access_key": "yRAi4x6MTuEf0siLlvr0A6hp3gnc0BBWG0z6NKEsLpHceD2k24I6leNk60ayI38qj1kwJZN5c4uh+ASt1n/TeA==",
            "secondary_blob_connection_string": "DefaultEndpointsProtocol=https;BlobEndpoint=https://helloworldstacticappprim-secondary.blob.core.windows.net/;AccountName=helloworldstacticappprim;AccountKey=yRAi4x6MTuEf0siLlvr0A6hp3gnc0BBWG0z6NKEsLpHceD2k24I6leNk60ayI38qj1kwJZN5c4uh+ASt1n/TeA==",
            "secondary_blob_endpoint": "https://helloworldstacticappprim-secondary.blob.core.windows.net/",
            "secondary_blob_host": "helloworldstacticappprim-secondary.blob.core.windows.net",
            "secondary_blob_internet_endpoint": "",
            "secondary_blob_internet_host": "",
            "secondary_blob_microsoft_endpoint": "",
            "secondary_blob_microsoft_host": "",
            "secondary_connection_string": "DefaultEndpointsProtocol=https;AccountName=helloworldstacticappprim;AccountKey=yRAi4x6MTuEf0siLlvr0A6hp3gnc0BBWG0z6NKEsLpHceD2k24I6leNk60ayI38qj1kwJZN5c4uh+ASt1n/TeA==;EndpointSuffix=core.windows.net",
            "secondary_dfs_endpoint": "https://helloworldstacticappprim-secondary.dfs.core.windows.net/",
            "secondary_dfs_host": "helloworldstacticappprim-secondary.dfs.core.windows.net",
            "secondary_dfs_internet_endpoint": "",
            "secondary_dfs_internet_host": "",
            "secondary_dfs_microsoft_endpoint": "",
            "secondary_dfs_microsoft_host": "",
            "secondary_file_endpoint": "",
            "secondary_file_host": "",
            "secondary_file_internet_endpoint": "",
            "secondary_file_internet_host": "",
            "secondary_file_microsoft_endpoint": "",
            "secondary_file_microsoft_host": "",
            "secondary_location": "westus",
            "secondary_queue_endpoint": "https://helloworldstacticappprim-secondary.queue.core.windows.net/",
            "secondary_queue_host": "helloworldstacticappprim-secondary.queue.core.windows.net",
            "secondary_queue_microsoft_endpoint": "",
            "secondary_queue_microsoft_host": "",
            "secondary_table_endpoint": "https://helloworldstacticappprim-secondary.table.core.windows.net/",
            "secondary_table_host": "helloworldstacticappprim-secondary.table.core.windows.net",
            "secondary_table_microsoft_endpoint": "",
            "secondary_table_microsoft_host": "",
            "secondary_web_endpoint": "https://helloworldstacticappprim-secondary.z13.web.core.windows.net/",
            "secondary_web_host": "helloworldstacticappprim-secondary.z13.web.core.windows.net",
            "secondary_web_internet_endpoint": "",
            "secondary_web_internet_host": "",
            "secondary_web_microsoft_endpoint": "",
            "secondary_web_microsoft_host": "",
            "sftp_enabled": false,
            "share_properties": [
              {
                "cors_rule": [],
                "retention_policy": [
                  {
                    "days": 7
                  }
                ],
                "smb": []
              }
            ],
            "shared_access_key_enabled": true,
            "static_website": [],
            "table_encryption_key_type": "Service",
            "tags": {
              "environment": "prod"
            },
            "timeouts": null
          },
          "sensitive_attributes": [
            [
              {
                "type": "get_attr",
                "value": "primary_access_key"
              }
            ],
            [
              {
                "type": "get_attr",
                "value": "primary_blob_connection_string"
              }
            ],
            [
              {
                "type": "get_attr",
                "value": "primary_connection_string"
              }
            ],
            [
              {
                "type": "get_attr",
                "value": "secondary_access_key"
              }
            ],
            [
              {
                "type": "get_attr",
                "value": "secondary_blob_connection_string"
              }
            ],
            [
              {
                "type": "get_attr",
                "value": "secondary_connection_string"
              }
            ]
          ],
          "identity_schema_version": 0,
          "identity": {
            "name": "helloworldstacticappprim",
            "resource_group_name": "static-frontdoor-rg",
            "subscription_id": "054cbff5-8449-4b2c-b938-44031a3c698c"
          },
          "private": "eyJlMmJmYjczMC1lY2FhLTExZTYtOGY4OC0zNDM2M2JjN2M0YzAiOnsiY3JlYXRlIjozNjAwMDAwMDAwMDAwLCJkZWxldGUiOjM2MDAwMDAwMDAwMDAsInJlYWQiOjMwMDAwMDAwMDAwMCwidXBkYXRlIjozNjAwMDAwMDAwMDAwfSwic2NoZW1hX3ZlcnNpb24iOiI0In0=",
          "dependencies": [
            "azurerm_resource_group.rg"
          ]
        }
      ]
    },
    {
      "mode": "managed",
      "type": "azurerm_storage_account_static_website",
      "name": "website",
      "provider": "provider[\"registry.terraform.io/hashicorp/azurerm\"]",
      "instances": [
        {
          "schema_version": 0,
          "attributes": {
            "error_404_document": "404.html",
            "id": "/subscriptions/054cbff5-8449-4b2c-b938-44031a3c698c/resourceGroups/static-frontdoor-rg/providers/Microsoft.Storage/storageAccounts/helloworldstacticappprim",
            "index_document": "index.html",
            "storage_account_id": "/subscriptions/054cbff5-8449-4b2c-b938-44031a3c698c/resourceGroups/static-frontdoor-rg/providers/Microsoft.Storage/storageAccounts/helloworldstacticappprim",
            "timeouts": null
          },
          "sensitive_attributes": [],
          "identity_schema_version": 0,
          "identity": {
            "resource_group_name": "static-frontdoor-rg",
            "storage_account_name": "helloworldstacticappprim",
            "subscription_id": "054cbff5-8449-4b2c-b938-44031a3c698c"
          },
          "private": "eyJlMmJmYjczMC1lY2FhLTExZTYtOGY4OC0zNDM2M2JjN2M0YzAiOnsiY3JlYXRlIjoxODAwMDAwMDAwMDAwLCJkZWxldGUiOjE4MDAwMDAwMDAwMDAsInJlYWQiOjMwMDAwMDAwMDAwMCwidXBkYXRlIjoxODAwMDAwMDAwMDAwfX0=",
          "dependencies": [
            "azurerm_resource_group.rg",
            "azurerm_storage_account.primary"
          ]
        }
      ]
    },
    {
      "mode": "managed",
      "type": "azurerm_storage_blob",
      "name": "error_html",
      "provider": "provider[\"registry.terraform.io/hashicorp/azurerm\"]",
      "instances": [
        {
          "schema_version": 1,
          "attributes": {
            "access_tier": "Hot",
            "cache_control": "",
            "content_md5": "",
            "content_type": "text/html",
            "encryption_scope": "",
            "id": "https://helloworldstacticappprim.blob.core.windows.net/$web/404.html",
            "metadata": {},
            "name": "404.html",
            "parallelism": 8,
            "size": 0,
            "source": "./webapp/404.html",
            "source_content": null,
            "source_uri": null,
            "storage_account_name": "helloworldstacticappprim",
            "storage_container_name": "$web",
            "timeouts": null,
            "type": "Block",
            "url": "https://helloworldstacticappprim.blob.core.windows.net/$web/404.html"
          },
          "sensitive_attributes": [],
          "identity_schema_version": 0,
          "private": "eyJlMmJmYjczMC1lY2FhLTExZTYtOGY4OC0zNDM2M2JjN2M0YzAiOnsiY3JlYXRlIjoxODAwMDAwMDAwMDAwLCJkZWxldGUiOjE4MDAwMDAwMDAwMDAsInJlYWQiOjMwMDAwMDAwMDAwMCwidXBkYXRlIjoxODAwMDAwMDAwMDAwfSwic2NoZW1hX3ZlcnNpb24iOiIxIn0=",
          "dependencies": [
            "azurerm_resource_group.rg",
            "azurerm_storage_account.primary",
            "azurerm_storage_account_static_website.website"
          ]
        }
      ]
    },
    {
      "mode": "managed",
      "type": "azurerm_storage_blob",
      "name": "index_html",
      "provider": "provider[\"registry.terraform.io/hashicorp/azurerm\"]",
      "instances": [
        {
          "schema_version": 1,
          "attributes": {
            "access_tier": "Hot",
            "cache_control": "",
            "content_md5": "",
            "content_type": "text/html",
            "encryption_scope": "",
            "id": "https://helloworldstacticappprim.blob.core.windows.net/$web/index.html",
            "metadata": {},
            "name": "index.html",
            "parallelism": 8,
            "size": 0,
            "source": "./webapp/index.html",
            "source_content": null,
            "source_uri": null,
            "storage_account_name": "helloworldstacticappprim",
            "storage_container_name": "$web",
            "timeouts": null,
            "type": "Block",
            "url": "https://helloworldstacticappprim.blob.core.windows.net/$web/index.html"
          },
          "sensitive_attributes": [],
          "identity_schema_version": 0,
          "private": "eyJlMmJmYjczMC1lY2FhLTExZTYtOGY4OC0zNDM2M2JjN2M0YzAiOnsiY3JlYXRlIjoxODAwMDAwMDAwMDAwLCJkZWxldGUiOjE4MDAwMDAwMDAwMDAsInJlYWQiOjMwMDAwMDAwMDAwMCwidXBkYXRlIjoxODAwMDAwMDAwMDAwfSwic2NoZW1hX3ZlcnNpb24iOiIxIn0=",
          "dependencies": [
            "azurerm_resource_group.rg",
            "azurerm_storage_account.primary",
            "azurerm_storage_account_static_website.website"
          ]
        }
      ]
    }
  ],
  "check_results": null
}
